
Microsoft Visual Studio Solution File, Format Version 12.00
# Visual Studio Version 17
VisualStudioVersion = 17.12.35527.113
MinimumVisualStudioVersion = 10.0.40219.1
Project("{2150E333-8FDC-42A3-9474-1A3956D46DE8}") = "Backend", "Backend", "{8B1CBE1C-5CEB-450C-BA5A-5D89AC6D7029}"
EndProject
Project("{2150E333-8FDC-42A3-9474-1A3956D46DE8}") = "Frontend", "Frontend", "{622F0907-A3B2-4304-BA22-63E78E218631}"
EndProject
Project("{FAE04EC0-301F-11D3-BF4B-00C04F79EFBC}") = "Squash.WebAPI", "Squash.WebAPI\Squash.WebAPI.csproj", "{1E43271E-BB81-423E-B8FF-098787419F16}"
EndProject
Project("{54A90642-561A-4BB1-A94E-469ADEE60C69}") = "Squash.WebAPP", "Squash.WebAPP\Squash.WebAPP.esproj", "{C68EE751-5EC8-407B-8A74-9ECA56B770C8}"
EndProject
Global
	GlobalSection(SolutionConfigurationPlatforms) = preSolution
		Debug|Any CPU = Debug|Any CPU
		Release|Any CPU = Release|Any CPU
	EndGlobalSection
	GlobalSection(ProjectConfigurationPlatforms) = postSolution
		{1E43271E-BB81-423E-B8FF-098787419F16}.Debug|Any CPU.ActiveCfg = Debug|Any CPU
		{1E43271E-BB81-423E-B8FF-098787419F16}.Debug|Any CPU.Build.0 = Debug|Any CPU
		{1E43271E-BB81-423E-B8FF-098787419F16}.Release|Any CPU.ActiveCfg = Release|Any CPU
		{1E43271E-BB81-423E-B8FF-098787419F16}.Release|Any CPU.Build.0 = Release|Any CPU
		{C68EE751-5EC8-407B-8A74-9ECA56B770C8}.Debug|Any CPU.ActiveCfg = Debug|Any CPU
		{C68EE751-5EC8-407B-8A74-9ECA56B770C8}.Debug|Any CPU.Build.0 = Debug|Any CPU
		{C68EE751-5EC8-407B-8A74-9ECA56B770C8}.Debug|Any CPU.Deploy.0 = Debug|Any CPU
		{C68EE751-5EC8-407B-8A74-9ECA56B770C8}.Release|Any CPU.ActiveCfg = Release|Any CPU
		{C68EE751-5EC8-407B-8A74-9ECA56B770C8}.Release|Any CPU.Build.0 = Release|Any CPU
		{C68EE751-5EC8-407B-8A74-9ECA56B770C8}.Release|Any CPU.Deploy.0 = Release|Any CPU
	EndGlobalSection
	GlobalSection(SolutionProperties) = preSolution
		HideSolutionNode = FALSE
	EndGlobalSection
	GlobalSection(NestedProjects) = preSolution
		{1E43271E-BB81-423E-B8FF-098787419F16} = {8B1CBE1C-5CEB-450C-BA5A-5D89AC6D7029}
		{C68EE751-5EC8-407B-8A74-9ECA56B770C8} = {622F0907-A3B2-4304-BA22-63E78E218631}
	EndGlobalSection
EndGlobal
